
Microsoft Visual Studio Solution File, Format Version 12.00
# Visual Studio Version 16
VisualStudioVersion = 16.0.31205.134
MinimumVisualStudioVersion = 10.0.40219.1
Project("{9A19103F-16F7-4668-BE54-9A1E7A4F7556}") = "ArtflowCommunityWorkJSONToDB", "ArtflowCommunityWorkJSONToDB\ArtflowCommunityWorkJSONToDB.csproj", "{81F74DBE-66A2-4B82-BDF6-F27FDF31C33B}"
EndProject
Project("{FAE04EC0-301F-11D3-BF4B-00C04F79EFBC}") = "VariousStuff", "VariousStuff\VariousStuff.csproj", "{B570BA92-6C6A-4BF0-B0DB-030868D0189C}"
EndProject
Global
	GlobalSection(SolutionConfigurationPlatforms) = preSolution
		Debug|Any CPU = Debug|Any CPU
		Release|Any CPU = Release|Any CPU
	EndGlobalSection
	GlobalSection(ProjectConfigurationPlatforms) = postSolution
		{81F74DBE-66A2-4B82-BDF6-F27FDF31C33B}.Debug|Any CPU.ActiveCfg = Debug|Any CPU
		{81F74DBE-66A2-4B82-BDF6-F27FDF31C33B}.Debug|Any CPU.Build.0 = Debug|Any CPU
		{81F74DBE-66A2-4B82-BDF6-F27FDF31C33B}.Release|Any CPU.ActiveCfg = Release|Any CPU
		{81F74DBE-66A2-4B82-BDF6-F27FDF31C33B}.Release|Any CPU.Build.0 = Release|Any CPU
		{B570BA92-6C6A-4BF0-B0DB-030868D0189C}.Debug|Any CPU.ActiveCfg = Debug|Any CPU
		{B570BA92-6C6A-4BF0-B0DB-030868D0189C}.Debug|Any CPU.Build.0 = Debug|Any CPU
		{B570BA92-6C6A-4BF0-B0DB-030868D0189C}.Release|Any CPU.ActiveCfg = Release|Any CPU
		{B570BA92-6C6A-4BF0-B0DB-030868D0189C}.Release|Any CPU.Build.0 = Release|Any CPU
	EndGlobalSection
	GlobalSection(SolutionProperties) = preSolution
		HideSolutionNode = FALSE
	EndGlobalSection
	GlobalSection(ExtensibilityGlobals) = postSolution
		SolutionGuid = {EC30DBB1-DA67-446F-9970-8045BC6D85D2}
	EndGlobalSection
EndGlobal
